
Microsoft Visual Studio Solution File, Format Version 12.00
# Visual Studio Version 17
VisualStudioVersion = 17.5.33516.290
MinimumVisualStudioVersion = 10.0.40219.1
Project("{8BC9CEB8-8B4A-11D0-8D11-00A0C91BC942}") = "ping pong", "ping pong\ping pong.vcxproj", "{355655C5-5F9D-46F4-8610-BAB40A4301BE}"
EndProject
Global
	GlobalSection(SolutionConfigurationPlatforms) = preSolution
		Debug|x64 = Debug|x64
		Debug|x86 = Debug|x86
		Release|x64 = Release|x64
		Release|x86 = Release|x86
	EndGlobalSection
	GlobalSection(ProjectConfigurationPlatforms) = postSolution
		{355655C5-5F9D-46F4-8610-BAB40A4301BE}.Debug|x64.ActiveCfg = Debug|x64
		{355655C5-5F9D-46F4-8610-BAB40A4301BE}.Debug|x64.Build.0 = Debug|x64
		{355655C5-5F9D-46F4-8610-BAB40A4301BE}.Debug|x86.ActiveCfg = Debug|Win32
		{355655C5-5F9D-46F4-8610-BAB40A4301BE}.Debug|x86.Build.0 = Debug|Win32
		{355655C5-5F9D-46F4-8610-BAB40A4301BE}.Release|x64.ActiveCfg = Release|x64
		{355655C5-5F9D-46F4-8610-BAB40A4301BE}.Release|x64.Build.0 = Release|x64
		{355655C5-5F9D-46F4-8610-BAB40A4301BE}.Release|x86.ActiveCfg = Release|Win32
		{355655C5-5F9D-46F4-8610-BAB40A4301BE}.Release|x86.Build.0 = Release|Win32
	EndGlobalSection
	GlobalSection(SolutionProperties) = preSolution
		HideSolutionNode = FALSE
	EndGlobalSection
	GlobalSection(ExtensibilityGlobals) = postSolution
		SolutionGuid = {A255A7F1-93E5-4838-9CEE-89FA2C157D86}
	EndGlobalSection
EndGlobal
